
Microsoft Visual Studio Solution File, Format Version 12.00
Project("{FAE04EC0-301F-11D3-BF4B-00C04F79EFBC}") = "Q42.Google.Cloud.Compute.Metadata.V1", "Q42.Google.Cloud.Compute.Metadata.V1\Q42.Google.Cloud.Compute.Metadata.V1.csproj", "{D260E73D-25B3-4867-93C8-153D5EEE8A23}"
EndProject
Project("{FAE04EC0-301F-11D3-BF4B-00C04F79EFBC}") = "Q42.Google.Cloud.Compute.Metadata.TestServer", "Q42.Google.Cloud.Compute.Metadata.TestServer\Q42.Google.Cloud.Compute.Metadata.TestServer.csproj", "{0653D40D-E6F3-4B7C-BF67-F19C70856078}"
EndProject
Global
	GlobalSection(SolutionConfigurationPlatforms) = preSolution
		Debug|Any CPU = Debug|Any CPU
		Release|Any CPU = Release|Any CPU
	EndGlobalSection
	GlobalSection(ProjectConfigurationPlatforms) = postSolution
		{D260E73D-25B3-4867-93C8-153D5EEE8A23}.Debug|Any CPU.ActiveCfg = Debug|Any CPU
		{D260E73D-25B3-4867-93C8-153D5EEE8A23}.Debug|Any CPU.Build.0 = Debug|Any CPU
		{D260E73D-25B3-4867-93C8-153D5EEE8A23}.Release|Any CPU.ActiveCfg = Release|Any CPU
		{D260E73D-25B3-4867-93C8-153D5EEE8A23}.Release|Any CPU.Build.0 = Release|Any CPU
		{0653D40D-E6F3-4B7C-BF67-F19C70856078}.Debug|Any CPU.ActiveCfg = Debug|Any CPU
		{0653D40D-E6F3-4B7C-BF67-F19C70856078}.Debug|Any CPU.Build.0 = Debug|Any CPU
		{0653D40D-E6F3-4B7C-BF67-F19C70856078}.Release|Any CPU.ActiveCfg = Release|Any CPU
		{0653D40D-E6F3-4B7C-BF67-F19C70856078}.Release|Any CPU.Build.0 = Release|Any CPU
	EndGlobalSection
EndGlobal
